
Microsoft Visual Studio Solution File, Format Version 12.00
# Visual Studio Version 17
VisualStudioVersion = 17.11.35219.272
MinimumVisualStudioVersion = 10.0.40219.1
Project("{FAE04EC0-301F-11D3-BF4B-00C04F79EFBC}") = "RepositoryDesignPatternExample", "RepositoryDesignPatternExample\RepositoryDesignPatternExample.csproj", "{3EC762B8-C27D-4314-A795-2BEAC59B6D51}"
EndProject
Global
	GlobalSection(SolutionConfigurationPlatforms) = preSolution
		Debug|Any CPU = Debug|Any CPU
		Release|Any CPU = Release|Any CPU
	EndGlobalSection
	GlobalSection(ProjectConfigurationPlatforms) = postSolution
		{3EC762B8-C27D-4314-A795-2BEAC59B6D51}.Debug|Any CPU.ActiveCfg = Debug|Any CPU
		{3EC762B8-C27D-4314-A795-2BEAC59B6D51}.Debug|Any CPU.Build.0 = Debug|Any CPU
		{3EC762B8-C27D-4314-A795-2BEAC59B6D51}.Release|Any CPU.ActiveCfg = Release|Any CPU
		{3EC762B8-C27D-4314-A795-2BEAC59B6D51}.Release|Any CPU.Build.0 = Release|Any CPU
	EndGlobalSection
	GlobalSection(SolutionProperties) = preSolution
		HideSolutionNode = FALSE
	EndGlobalSection
	GlobalSection(ExtensibilityGlobals) = postSolution
		SolutionGuid = {E3AC03C3-94B9-45FA-B5DE-B73CD84CA440}
	EndGlobalSection
EndGlobal
